
Microsoft Visual Studio Solution File, Format Version 12.00
# Visual Studio 2013
VisualStudioVersion = 12.0.21005.1
MinimumVisualStudioVersion = 10.0.40219.1
Project("{FAE04EC0-301F-11D3-BF4B-00C04F79EFBC}") = "EntidadesAbstractas", "ClassLibrary1\EntidadesAbstractas.csproj", "{8638A60D-199C-4080-9DE9-4F5302AED1B6}"
EndProject
Project("{FAE04EC0-301F-11D3-BF4B-00C04F79EFBC}") = "Excepciones", "Excepciones\Excepciones.csproj", "{2353F116-B38E-4B30-8928-1A5359F4B0C5}"
EndProject
Project("{FAE04EC0-301F-11D3-BF4B-00C04F79EFBC}") = "EntidadesInstanciables", "EntidadesInstanciables\EntidadesInstanciables.csproj", "{CC815076-7411-47AC-95E0-914FEFAD2FAE}"
EndProject
Project("{FAE04EC0-301F-11D3-BF4B-00C04F79EFBC}") = "Archivos", "Archivos\Archivos.csproj", "{C87AB40E-5577-4DC7-83DC-414C90B29F6A}"
EndProject
Project("{FAE04EC0-301F-11D3-BF4B-00C04F79EFBC}") = "appConsola", "appConsola\appConsola.csproj", "{CD968115-90A7-471B-92E9-F0B1AA2F09C4}"
EndProject
Global
	GlobalSection(SolutionConfigurationPlatforms) = preSolution
		Debug|Any CPU = Debug|Any CPU
		Release|Any CPU = Release|Any CPU
	EndGlobalSection
	GlobalSection(ProjectConfigurationPlatforms) = postSolution
		{8638A60D-199C-4080-9DE9-4F5302AED1B6}.Debug|Any CPU.ActiveCfg = Debug|Any CPU
		{8638A60D-199C-4080-9DE9-4F5302AED1B6}.Debug|Any CPU.Build.0 = Debug|Any CPU
		{8638A60D-199C-4080-9DE9-4F5302AED1B6}.Release|Any CPU.ActiveCfg = Release|Any CPU
		{8638A60D-199C-4080-9DE9-4F5302AED1B6}.Release|Any CPU.Build.0 = Release|Any CPU
		{2353F116-B38E-4B30-8928-1A5359F4B0C5}.Debug|Any CPU.ActiveCfg = Debug|Any CPU
		{2353F116-B38E-4B30-8928-1A5359F4B0C5}.Debug|Any CPU.Build.0 = Debug|Any CPU
		{2353F116-B38E-4B30-8928-1A5359F4B0C5}.Release|Any CPU.ActiveCfg = Release|Any CPU
		{2353F116-B38E-4B30-8928-1A5359F4B0C5}.Release|Any CPU.Build.0 = Release|Any CPU
		{CC815076-7411-47AC-95E0-914FEFAD2FAE}.Debug|Any CPU.ActiveCfg = Debug|Any CPU
		{CC815076-7411-47AC-95E0-914FEFAD2FAE}.Debug|Any CPU.Build.0 = Debug|Any CPU
		{CC815076-7411-47AC-95E0-914FEFAD2FAE}.Release|Any CPU.ActiveCfg = Release|Any CPU
		{CC815076-7411-47AC-95E0-914FEFAD2FAE}.Release|Any CPU.Build.0 = Release|Any CPU
		{C87AB40E-5577-4DC7-83DC-414C90B29F6A}.Debug|Any CPU.ActiveCfg = Debug|Any CPU
		{C87AB40E-5577-4DC7-83DC-414C90B29F6A}.Debug|Any CPU.Build.0 = Debug|Any CPU
		{C87AB40E-5577-4DC7-83DC-414C90B29F6A}.Release|Any CPU.ActiveCfg = Release|Any CPU
		{C87AB40E-5577-4DC7-83DC-414C90B29F6A}.Release|Any CPU.Build.0 = Release|Any CPU
		{CD968115-90A7-471B-92E9-F0B1AA2F09C4}.Debug|Any CPU.ActiveCfg = Debug|Any CPU
		{CD968115-90A7-471B-92E9-F0B1AA2F09C4}.Debug|Any CPU.Build.0 = Debug|Any CPU
		{CD968115-90A7-471B-92E9-F0B1AA2F09C4}.Release|Any CPU.ActiveCfg = Release|Any CPU
		{CD968115-90A7-471B-92E9-F0B1AA2F09C4}.Release|Any CPU.Build.0 = Release|Any CPU
	EndGlobalSection
	GlobalSection(SolutionProperties) = preSolution
		HideSolutionNode = FALSE
	EndGlobalSection
EndGlobal
